
Microsoft Visual Studio Solution File, Format Version 12.00
# Visual Studio 14
VisualStudioVersion = 14.0.25420.1
MinimumVisualStudioVersion = 10.0.40219.1
Project("{FAE04EC0-301F-11D3-BF4B-00C04F79EFBC}") = "Infrastructure", "Infrastructure\Infrastructure.csproj", "{19F815C5-1712-4FAE-88C6-65944B422C5F}"
EndProject
Project("{FAE04EC0-301F-11D3-BF4B-00C04F79EFBC}") = "Infrastructure.QueueWorker", "Infrastructure.Worker\Infrastructure.QueueWorker.csproj", "{24266187-54ED-460F-859D-E638AE3BE3AC}"
EndProject
Project("{FAE04EC0-301F-11D3-BF4B-00C04F79EFBC}") = "Infrastructure.UnitTest", "Infrastructure.UnitTest\Infrastructure.UnitTest.csproj", "{9A50AA2F-9B88-42B5-9141-7B1C0A659726}"
EndProject
Global
	GlobalSection(SolutionConfigurationPlatforms) = preSolution
		Debug|Any CPU = Debug|Any CPU
		Release|Any CPU = Release|Any CPU
	EndGlobalSection
	GlobalSection(ProjectConfigurationPlatforms) = postSolution
		{19F815C5-1712-4FAE-88C6-65944B422C5F}.Debug|Any CPU.ActiveCfg = Debug|Any CPU
		{19F815C5-1712-4FAE-88C6-65944B422C5F}.Debug|Any CPU.Build.0 = Debug|Any CPU
		{19F815C5-1712-4FAE-88C6-65944B422C5F}.Release|Any CPU.ActiveCfg = Release|Any CPU
		{19F815C5-1712-4FAE-88C6-65944B422C5F}.Release|Any CPU.Build.0 = Release|Any CPU
		{24266187-54ED-460F-859D-E638AE3BE3AC}.Debug|Any CPU.ActiveCfg = Debug|Any CPU
		{24266187-54ED-460F-859D-E638AE3BE3AC}.Debug|Any CPU.Build.0 = Debug|Any CPU
		{24266187-54ED-460F-859D-E638AE3BE3AC}.Release|Any CPU.ActiveCfg = Release|Any CPU
		{24266187-54ED-460F-859D-E638AE3BE3AC}.Release|Any CPU.Build.0 = Release|Any CPU
		{9A50AA2F-9B88-42B5-9141-7B1C0A659726}.Debug|Any CPU.ActiveCfg = Debug|Any CPU
		{9A50AA2F-9B88-42B5-9141-7B1C0A659726}.Debug|Any CPU.Build.0 = Debug|Any CPU
		{9A50AA2F-9B88-42B5-9141-7B1C0A659726}.Release|Any CPU.ActiveCfg = Release|Any CPU
		{9A50AA2F-9B88-42B5-9141-7B1C0A659726}.Release|Any CPU.Build.0 = Release|Any CPU
	EndGlobalSection
	GlobalSection(SolutionProperties) = preSolution
		HideSolutionNode = FALSE
	EndGlobalSection

EndGlobal
